
Microsoft Visual Studio Solution File, Format Version 12.00
# Visual Studio Version 16
VisualStudioVersion = 16.0.29926.136
MinimumVisualStudioVersion = 10.0.40219.1
Project("{2150E333-8FDC-42A3-9474-1A3956D46DE8}") = "1-Network", "1-Network", "{58119766-F554-46DD-BAD8-607ED771DE21}"
EndProject
Project("{2150E333-8FDC-42A3-9474-1A3956D46DE8}") = "2-Domain", "2-Domain", "{B77191EE-4A68-4A45-8B48-21B69EFFF66C}"
EndProject
Project("{2150E333-8FDC-42A3-9474-1A3956D46DE8}") = "3-Data", "3-Data", "{52A472F8-318D-4606-B04B-4E0447B8115C}"
EndProject
Project("{2150E333-8FDC-42A3-9474-1A3956D46DE8}") = "4-SystemSupport", "4-SystemSupport", "{1893080C-14BA-46E3-A728-1F4319EC235B}"
EndProject
Project("{9A19103F-16F7-4668-BE54-9A1E7A4F7556}") = "Domain", "Domain\Domain.csproj", "{EC047CC9-1B6A-4CB2-B567-4DA66E814BB7}"
EndProject
Project("{9A19103F-16F7-4668-BE54-9A1E7A4F7556}") = "Data", "Data\Data.csproj", "{F32080A8-8F2F-4654-9CCE-02CB959E7874}"
EndProject
Project("{9A19103F-16F7-4668-BE54-9A1E7A4F7556}") = "Utilities", "Utilities\Utilities.csproj", "{AD170198-DE6E-4F63-9B6D-AE8B2CDAE372}"
EndProject
Project("{9A19103F-16F7-4668-BE54-9A1E7A4F7556}") = "Data.EF", "Data.EF\Data.EF.csproj", "{07061CF9-E0BE-494A-82B7-610B9F724D49}"
EndProject
Project("{9A19103F-16F7-4668-BE54-9A1E7A4F7556}") = "API", "API\API.csproj", "{201B8288-8852-4E2C-BA7B-0F723CBA85EB}"
EndProject
Project("{FAE04EC0-301F-11D3-BF4B-00C04F79EFBC}") = "WebSocketLib", "WebSocketLib\WebSocketLib.csproj", "{8FB8C45D-9B30-4313-91A9-1739AD966801}"
EndProject
Project("{FAE04EC0-301F-11D3-BF4B-00C04F79EFBC}") = "MediationLib", "MediationLib\MediationLib.csproj", "{729EADD2-CE05-4B2B-885C-ECC9F52169F6}"
EndProject
Global
	GlobalSection(SolutionConfigurationPlatforms) = preSolution
		Debug|Any CPU = Debug|Any CPU
		Release|Any CPU = Release|Any CPU
	EndGlobalSection
	GlobalSection(ProjectConfigurationPlatforms) = postSolution
		{EC047CC9-1B6A-4CB2-B567-4DA66E814BB7}.Debug|Any CPU.ActiveCfg = Debug|Any CPU
		{EC047CC9-1B6A-4CB2-B567-4DA66E814BB7}.Debug|Any CPU.Build.0 = Debug|Any CPU
		{EC047CC9-1B6A-4CB2-B567-4DA66E814BB7}.Release|Any CPU.ActiveCfg = Release|Any CPU
		{EC047CC9-1B6A-4CB2-B567-4DA66E814BB7}.Release|Any CPU.Build.0 = Release|Any CPU
		{F32080A8-8F2F-4654-9CCE-02CB959E7874}.Debug|Any CPU.ActiveCfg = Debug|Any CPU
		{F32080A8-8F2F-4654-9CCE-02CB959E7874}.Debug|Any CPU.Build.0 = Debug|Any CPU
		{F32080A8-8F2F-4654-9CCE-02CB959E7874}.Release|Any CPU.ActiveCfg = Release|Any CPU
		{F32080A8-8F2F-4654-9CCE-02CB959E7874}.Release|Any CPU.Build.0 = Release|Any CPU
		{AD170198-DE6E-4F63-9B6D-AE8B2CDAE372}.Debug|Any CPU.ActiveCfg = Debug|Any CPU
		{AD170198-DE6E-4F63-9B6D-AE8B2CDAE372}.Debug|Any CPU.Build.0 = Debug|Any CPU
		{AD170198-DE6E-4F63-9B6D-AE8B2CDAE372}.Release|Any CPU.ActiveCfg = Release|Any CPU
		{AD170198-DE6E-4F63-9B6D-AE8B2CDAE372}.Release|Any CPU.Build.0 = Release|Any CPU
		{07061CF9-E0BE-494A-82B7-610B9F724D49}.Debug|Any CPU.ActiveCfg = Debug|Any CPU
		{07061CF9-E0BE-494A-82B7-610B9F724D49}.Debug|Any CPU.Build.0 = Debug|Any CPU
		{07061CF9-E0BE-494A-82B7-610B9F724D49}.Release|Any CPU.ActiveCfg = Release|Any CPU
		{07061CF9-E0BE-494A-82B7-610B9F724D49}.Release|Any CPU.Build.0 = Release|Any CPU
		{201B8288-8852-4E2C-BA7B-0F723CBA85EB}.Debug|Any CPU.ActiveCfg = Debug|Any CPU
		{201B8288-8852-4E2C-BA7B-0F723CBA85EB}.Debug|Any CPU.Build.0 = Debug|Any CPU
		{201B8288-8852-4E2C-BA7B-0F723CBA85EB}.Release|Any CPU.ActiveCfg = Release|Any CPU
		{201B8288-8852-4E2C-BA7B-0F723CBA85EB}.Release|Any CPU.Build.0 = Release|Any CPU
		{8FB8C45D-9B30-4313-91A9-1739AD966801}.Debug|Any CPU.ActiveCfg = Debug|Any CPU
		{8FB8C45D-9B30-4313-91A9-1739AD966801}.Debug|Any CPU.Build.0 = Debug|Any CPU
		{8FB8C45D-9B30-4313-91A9-1739AD966801}.Release|Any CPU.ActiveCfg = Release|Any CPU
		{8FB8C45D-9B30-4313-91A9-1739AD966801}.Release|Any CPU.Build.0 = Release|Any CPU
		{729EADD2-CE05-4B2B-885C-ECC9F52169F6}.Debug|Any CPU.ActiveCfg = Debug|Any CPU
		{729EADD2-CE05-4B2B-885C-ECC9F52169F6}.Debug|Any CPU.Build.0 = Debug|Any CPU
		{729EADD2-CE05-4B2B-885C-ECC9F52169F6}.Release|Any CPU.ActiveCfg = Release|Any CPU
		{729EADD2-CE05-4B2B-885C-ECC9F52169F6}.Release|Any CPU.Build.0 = Release|Any CPU
	EndGlobalSection
	GlobalSection(SolutionProperties) = preSolution
		HideSolutionNode = FALSE
	EndGlobalSection
	GlobalSection(NestedProjects) = preSolution
		{EC047CC9-1B6A-4CB2-B567-4DA66E814BB7} = {B77191EE-4A68-4A45-8B48-21B69EFFF66C}
		{F32080A8-8F2F-4654-9CCE-02CB959E7874} = {52A472F8-318D-4606-B04B-4E0447B8115C}
		{AD170198-DE6E-4F63-9B6D-AE8B2CDAE372} = {1893080C-14BA-46E3-A728-1F4319EC235B}
		{07061CF9-E0BE-494A-82B7-610B9F724D49} = {52A472F8-318D-4606-B04B-4E0447B8115C}
		{201B8288-8852-4E2C-BA7B-0F723CBA85EB} = {58119766-F554-46DD-BAD8-607ED771DE21}
		{8FB8C45D-9B30-4313-91A9-1739AD966801} = {58119766-F554-46DD-BAD8-607ED771DE21}
	EndGlobalSection
	GlobalSection(ExtensibilityGlobals) = postSolution
		SolutionGuid = {5573BDD6-5B8E-4A68-8F7E-14C1E2DF7993}
	EndGlobalSection
EndGlobal
